
Microsoft Visual Studio Solution File, Format Version 12.00
# Visual Studio Version 17
VisualStudioVersion = 17.2.32630.192
MinimumVisualStudioVersion = 10.0.40219.1
Project("{9A19103F-16F7-4668-BE54-9A1E7A4F7556}") = "R5T.T0236", "R5T.T0236\R5T.T0236.csproj", "{F5075C9C-5E9E-4F57-9533-A29E9D64FDD9}"
EndProject
Project("{2150E333-8FDC-42A3-9474-1A3956D46DE8}") = "_Dependencies", "_Dependencies", "{4435D6EA-8EE4-488D-9CA4-4FF45ED9B312}"
EndProject
Project("{9A19103F-16F7-4668-BE54-9A1E7A4F7556}") = "R5T.T0142", "..\..\R5T.T0142\source\R5T.T0142\R5T.T0142.csproj", "{ECAA5C86-3A3A-426E-A22A-202B96EA7A49}"
EndProject
Project("{9A19103F-16F7-4668-BE54-9A1E7A4F7556}") = "R5T.T0143", "..\..\R5T.T0143\source\R5T.T0143\R5T.T0143.csproj", "{7E5828B7-B131-46C1-B4FD-D84432D53F73}"
EndProject
Global
	GlobalSection(NestedProjects) = preSolution
		{ECAA5C86-3A3A-426E-A22A-202B96EA7A49} = {4435D6EA-8EE4-488D-9CA4-4FF45ED9B312}
		{7E5828B7-B131-46C1-B4FD-D84432D53F73} = {4435D6EA-8EE4-488D-9CA4-4FF45ED9B312}
	EndGlobalSection
	GlobalSection(SolutionConfigurationPlatforms) = preSolution
		Debug|Any CPU = Debug|Any CPU
		Release|Any CPU = Release|Any CPU
	EndGlobalSection
	GlobalSection(ProjectConfigurationPlatforms) = postSolution
		{F5075C9C-5E9E-4F57-9533-A29E9D64FDD9}.Debug|Any CPU.ActiveCfg = Debug|Any CPU
		{F5075C9C-5E9E-4F57-9533-A29E9D64FDD9}.Debug|Any CPU.Build.0 = Debug|Any CPU
		{F5075C9C-5E9E-4F57-9533-A29E9D64FDD9}.Release|Any CPU.ActiveCfg = Release|Any CPU
		{F5075C9C-5E9E-4F57-9533-A29E9D64FDD9}.Release|Any CPU.Build.0 = Release|Any CPU
		{ECAA5C86-3A3A-426E-A22A-202B96EA7A49}.Debug|Any CPU.ActiveCfg = Debug|Any CPU
		{ECAA5C86-3A3A-426E-A22A-202B96EA7A49}.Debug|Any CPU.Build.0 = Debug|Any CPU
		{ECAA5C86-3A3A-426E-A22A-202B96EA7A49}.Release|Any CPU.ActiveCfg = Release|Any CPU
		{ECAA5C86-3A3A-426E-A22A-202B96EA7A49}.Release|Any CPU.Build.0 = Release|Any CPU
		{7E5828B7-B131-46C1-B4FD-D84432D53F73}.Debug|Any CPU.ActiveCfg = Debug|Any CPU
		{7E5828B7-B131-46C1-B4FD-D84432D53F73}.Debug|Any CPU.Build.0 = Debug|Any CPU
		{7E5828B7-B131-46C1-B4FD-D84432D53F73}.Release|Any CPU.ActiveCfg = Release|Any CPU
		{7E5828B7-B131-46C1-B4FD-D84432D53F73}.Release|Any CPU.Build.0 = Release|Any CPU
	EndGlobalSection
	GlobalSection(SolutionProperties) = preSolution
		HideSolutionNode = FALSE
	EndGlobalSection
	GlobalSection(ExtensibilityGlobals) = postSolution
		SolutionGuid = {B9585BC6-04A8-4D76-A873-F656C0A39AE0}
	EndGlobalSection
EndGlobal
